// !$*UTF8*$!
{
	archiveVersion = 1;
	classes = {
	};
	objectVersion = 50;
	objects = {

/* Begin PBXBuildFile section */
		E814FB0F2251D69C00A55E32 /* SettingsViewController.swift in Sources */ = {isa = PBXBuildFile; fileRef = E814FB0E2251D69C00A55E32 /* SettingsViewController.swift */; };
		E820A8AD2249BF870076AFC5 /* ResultDetailViewController.swift in Sources */ = {isa = PBXBuildFile; fileRef = E820A8AC2249BF870076AFC5 /* ResultDetailViewController.swift */; };
		E864AB042249A29200941A10 /* AppDelegate.swift in Sources */ = {isa = PBXBuildFile; fileRef = E864AB032249A29200941A10 /* AppDelegate.swift */; };
		E864AB062249A29200941A10 /* ScanViewController.swift in Sources */ = {isa = PBXBuildFile; fileRef = E864AB052249A29200941A10 /* ScanViewController.swift */; };
		E864AB0B2249A29200941A10 /* Main.storyboard in Resources */ = {isa = PBXBuildFile; fileRef = E864AB092249A29200941A10 /* Main.storyboard */; };
		E864AB0D2249A29400941A10 /* Assets.xcassets in Resources */ = {isa = PBXBuildFile; fileRef = E864AB0C2249A29400941A10 /* Assets.xcassets */; };
		E864AB102249A29400941A10 /* LaunchScreen.storyboard in Resources */ = {isa = PBXBuildFile; fileRef = E864AB0E2249A29400941A10 /* LaunchScreen.storyboard */; };
		E8C9EC152249B06C005B4F17 /* ResultsTableViewController.swift in Sources */ = {isa = PBXBuildFile; fileRef = E8C9EC142249B06C005B4F17 /* ResultsTableViewController.swift */; };
/* End PBXBuildFile section */

/* Begin PBXFileReference section */
		E814FB0E2251D69C00A55E32 /* SettingsViewController.swift */ = {isa = PBXFileReference; lastKnownFileType = sourcecode.swift; path = SettingsViewController.swift; sourceTree = "<group>"; };
		E820A8AC2249BF870076AFC5 /* ResultDetailViewController.swift */ = {isa = PBXFileReference; lastKnownFileType = sourcecode.swift; path = ResultDetailViewController.swift; sourceTree = "<group>"; };
		E864AB002249A29200941A10 /* CSP Aggregate.app */ = {isa = PBXFileReference; explicitFileType = wrapper.application; includeInIndex = 0; path = "CSP Aggregate.app"; sourceTree = BUILT_PRODUCTS_DIR; };
		E864AB032249A29200941A10 /* AppDelegate.swift */ = {isa = PBXFileReference; lastKnownFileType = sourcecode.swift; path = AppDelegate.swift; sourceTree = "<group>"; };
		E864AB052249A29200941A10 /* ScanViewController.swift */ = {isa = PBXFileReference; lastKnownFileType = sourcecode.swift; path = ScanViewController.swift; sourceTree = "<group>"; };
		E864AB0A2249A29200941A10 /* Base */ = {isa = PBXFileReference; lastKnownFileType = file.storyboard; name = Base; path = Base.lproj/Main.storyboard; sourceTree = "<group>"; };
		E864AB0C2249A29400941A10 /* Assets.xcassets */ = {isa = PBXFileReference; lastKnownFileType = folder.assetcatalog; path = Assets.xcassets; sourceTree = "<group>"; };
		E864AB0F2249A29400941A10 /* Base */ = {isa = PBXFileReference; lastKnownFileType = file.storyboard; name = Base; path = Base.lproj/LaunchScreen.storyboard; sourceTree = "<group>"; };
		E864AB112249A29400941A10 /* Info.plist */ = {isa = PBXFileReference; lastKnownFileType = text.plist.xml; path = Info.plist; sourceTree = "<group>"; };
		E8C9EC142249B06C005B4F17 /* ResultsTableViewController.swift */ = {isa = PBXFileReference; lastKnownFileType = sourcecode.swift; path = ResultsTableViewController.swift; sourceTree = "<group>"; };
/* End PBXFileReference section */

/* Begin PBXFrameworksBuildPhase section */
		E864AAFD2249A29200941A10 /* Frameworks */ = {
			isa = PBXFrameworksBuildPhase;
			buildActionMask = 2147483647;
			files = (
			);
			runOnlyForDeploymentPostprocessing = 0;
		};
/* End PBXFrameworksBuildPhase section */

/* Begin PBXGroup section */
		E864AAF72249A29200941A10 = {
			isa = PBXGroup;
			children = (
				E864AB022249A29200941A10 /* CSP Aggregate */,
				E864AB012249A29200941A10 /* Products */,
			);
			sourceTree = "<group>";
		};
		E864AB012249A29200941A10 /* Products */ = {
			isa = PBXGroup;
			children = (
				E864AB002249A29200941A10 /* CSP Aggregate.app */,
			);
			name = Products;
			sourceTree = "<group>";
		};
		E864AB022249A29200941A10 /* CSP Aggregate */ = {
			isa = PBXGroup;
			children = (
				E864AB032249A29200941A10 /* AppDelegate.swift */,
				E864AB052249A29200941A10 /* ScanViewController.swift */,
				E8C9EC142249B06C005B4F17 /* ResultsTableViewController.swift */,
				E820A8AC2249BF870076AFC5 /* ResultDetailViewController.swift */,
				E814FB0E2251D69C00A55E32 /* SettingsViewController.swift */,
				E864AB092249A29200941A10 /* Main.storyboard */,
				E864AB0C2249A29400941A10 /* Assets.xcassets */,
				E864AB0E2249A29400941A10 /* LaunchScreen.storyboard */,
				E864AB112249A29400941A10 /* Info.plist */,
			);
			path = "CSP Aggregate";
			sourceTree = "<group>";
		};
/* End PBXGroup section */

/* Begin PBXNativeTarget section */
		E864AAFF2249A29200941A10 /* CSP Aggregate */ = {
			isa = PBXNativeTarget;
			buildConfigurationList = E864AB142249A29400941A10 /* Build configuration list for PBXNativeTarget "CSP Aggregate" */;
			buildPhases = (
				E864AAFC2249A29200941A10 /* Sources */,
				E864AAFD2249A29200941A10 /* Frameworks */,
				E864AAFE2249A29200941A10 /* Resources */,
			);
			buildRules = (
			);
			dependencies = (
			);
			name = "CSP Aggregate";
			productName = "CSP Aggregate";
			productReference = E864AB002249A29200941A10 /* CSP Aggregate.app */;
			productType = "com.apple.product-type.application";
		};
/* End PBXNativeTarget section */

/* Begin PBXProject section */
		E864AAF82249A29200941A10 /* Project object */ = {
			isa = PBXProject;
			attributes = {
				LastSwiftUpdateCheck = 1010;
				LastUpgradeCheck = 1010;
				ORGANIZATIONNAME = "FRC 6317";
				TargetAttributes = {
					E864AAFF2249A29200941A10 = {
						CreatedOnToolsVersion = 10.1;
					};
				};
			};
			buildConfigurationList = E864AAFB2249A29200941A10 /* Build configuration list for PBXProject "CSP Aggregate" */;
			compatibilityVersion = "Xcode 9.3";
			developmentRegion = en;
			hasScannedForEncodings = 0;
			knownRegions = (
				en,
				Base,
			);
			mainGroup = E864AAF72249A29200941A10;
			productRefGroup = E864AB012249A29200941A10 /* Products */;
			projectDirPath = "";
			projectRoot = "";
			targets = (
				E864AAFF2249A29200941A10 /* CSP Aggregate */,
			);
		};
/* End PBXProject section */

/* Begin PBXResourcesBuildPhase section */
		E864AAFE2249A29200941A10 /* Resources */ = {
			isa = PBXResourcesBuildPhase;
			buildActionMask = 2147483647;
			files = (
				E864AB102249A29400941A10 /* LaunchScreen.storyboard in Resources */,
				E864AB0D2249A29400941A10 /* Assets.xcassets in Resources */,
				E864AB0B2249A29200941A10 /* Main.storyboard in Resources */,
			);
			runOnlyForDeploymentPostprocessing = 0;
		};
/* End PBXResourcesBuildPhase section */

/* Begin PBXSourcesBuildPhase section */
		E864AAFC2249A29200941A10 /* Sources */ = {
			isa = PBXSourcesBuildPhase;
			buildActionMask = 2147483647;
			files = (
				E820A8AD2249BF870076AFC5 /* ResultDetailViewController.swift in Sources */,
				E8C9EC152249B06C005B4F17 /* ResultsTableViewController.swift in Sources */,
				E864AB042249A29200941A10 /* AppDelegate.swift in Sources */,
				E814FB0F2251D69C00A55E32 /* SettingsViewController.swift in Sources */,
				E864AB062249A29200941A10 /* ScanViewController.swift in Sources */,
			);
			runOnlyForDeploymentPostprocessing = 0;
		};
/* End PBXSourcesBuildPhase section */

/* Begin PBXVariantGroup section */
		E864AB092249A29200941A10 /* Main.storyboard */ = {
			isa = PBXVariantGroup;
			children = (
				E864AB0A2249A29200941A10 /* Base */,
			);
			name = Main.storyboard;
			sourceTree = "<group>";
		};
		E864AB0E2249A29400941A10 /* LaunchScreen.storyboard */ = {
			isa = PBXVariantGroup;
			children = (
				E864AB0F2249A29400941A10 /* Base */,
			);
			name = LaunchScreen.storyboard;
			sourceTree = "<group>";
		};
/* End PBXVariantGroup section */

/* Begin XCBuildConfiguration section */
		E864AB122249A29400941A10 /* Debug */ = {
			isa = XCBuildConfiguration;
			buildSettings = {
				ALWAYS_SEARCH_USER_PATHS = NO;
				CLANG_ANALYZER_NONNULL = YES;
				CLANG_ANALYZER_NUMBER_OBJECT_CONVERSION = YES_AGGRESSIVE;
				CLANG_CXX_LANGUAGE_STANDARD = "gnu++14";
				CLANG_CXX_LIBRARY = "libc++";
				CLANG_ENABLE_MODULES = YES;
				CLANG_ENABLE_OBJC_ARC = YES;
				CLANG_ENABLE_OBJC_WEAK = YES;
				CLANG_WARN_BLOCK_CAPTURE_AUTORELEASING = YES;
				CLANG_WARN_BOOL_CONVERSION = YES;
				CLANG_WARN_COMMA = YES;
				CLANG_WARN_CONSTANT_CONVERSION = YES;
				CLANG_WARN_DEPRECATED_OBJC_IMPLEMENTATIONS = YES;
				CLANG_WARN_DIRECT_OBJC_ISA_USAGE = YES_ERROR;
				CLANG_WARN_DOCUMENTATION_COMMENTS = YES;
				CLANG_WARN_EMPTY_BODY = YES;
				CLANG_WARN_ENUM_CONVERSION = YES;
				CLANG_WARN_INFINITE_RECURSION = YES;
				CLANG_WARN_INT_CONVERSION = YES;
				CLANG_WARN_NON_LITERAL_NULL_CONVERSION = YES;
				CLANG_WARN_OBJC_IMPLICIT_RETAIN_SELF = YES;
				CLANG_WARN_OBJC_LITERAL_CONVERSION = YES;
				CLANG_WARN_OBJC_ROOT_CLASS = YES_ERROR;
				CLANG_WARN_RANGE_LOOP_ANALYSIS = YES;
				CLANG_WARN_STRICT_PROTOTYPES = YES;
				CLANG_WARN_SUSPICIOUS_MOVE = YES;
				CLANG_WARN_UNGUARDED_AVAILABILITY = YES_AGGRESSIVE;
				CLANG_WARN_UNREACHABLE_CODE = YES;
				CLANG_WARN__DUPLICATE_METHOD_MATCH = YES;
				CODE_SIGN_IDENTITY = "iPhone Developer";
				COPY_PHASE_STRIP = NO;
				DEBUG_INFORMATION_FORMAT = dwarf;
				ENABLE_STRICT_OBJC_MSGSEND = YES;
				ENABLE_TESTABILITY = YES;
				GCC_C_LANGUAGE_STANDARD = gnu11;
				GCC_DYNAMIC_NO_PIC = NO;
				GCC_NO_COMMON_BLOCKS = YES;
				GCC_OPTIMIZATION_LEVEL = 0;
				GCC_PREPROCESSOR_DEFINITIONS = (
					"DEBUG=1",
					"$(inherited)",
				);
				GCC_WARN_64_TO_32_BIT_CONVERSION = YES;
				GCC_WARN_ABOUT_RETURN_TYPE = YES_ERROR;
				GCC_WARN_UNDECLARED_SELECTOR = YES;
				GCC_WARN_UNINITIALIZED_AUTOS = YES_AGGRESSIVE;
				GCC_WARN_UNUSED_FUNCTION = YES;
				GCC_WARN_UNUSED_VARIABLE = YES;
				IPHONEOS_DEPLOYMENT_TARGET = 12.1;
				MTL_ENABLE_DEBUG_INFO = INCLUDE_SOURCE;
				MTL_FAST_MATH = YES;
				ONLY_ACTIVE_ARCH = YES;
				SDKROOT = iphoneos;
				SWIFT_ACTIVE_COMPILATION_CONDITIONS = DEBUG;
				SWIFT_OPTIMIZATION_LEVEL = "-Onone";
			};
			name = Debug;
		};
		E864AB132249A29400941A10 /* Release */ = {
			isa = XCBuildConfiguration;
			buildSettings = {
				ALWAYS_SEARCH_USER_PATHS = NO;
				CLANG_ANALYZER_NONNULL = YES;
				CLANG_ANALYZER_NUMBER_OBJECT_CONVERSION = YES_AGGRESSIVE;
				CLANG_CXX_LANGUAGE_STANDARD = "gnu++14";
				CLANG_CXX_LIBRARY = "libc++";
				CLANG_ENABLE_MODULES = YES;
				CLANG_ENABLE_OBJC_ARC = YES;
				CLANG_ENABLE_OBJC_WEAK = YES;
				CLANG_WARN_BLOCK_CAPTURE_AUTORELEASING = YES;
				CLANG_WARN_BOOL_CONVERSION = YES;
				CLANG_WARN_COMMA = YES;
				CLANG_WARN_CONSTANT_CONVERSION = YES;
				CLANG_WARN_DEPRECATED_OBJC_IMPLEMENTATIONS = YES;
				CLANG_WARN_DIRECT_OBJC_ISA_USAGE = YES_ERROR;
				CLANG_WARN_DOCUMENTATION_COMMENTS = YES;
				CLANG_WARN_EMPTY_BODY = YES;
				CLANG_WARN_ENUM_CONVERSION = YES;
				CLANG_WARN_INFINITE_RECURSION = YES;
				CLANG_WARN_INT_CONVERSION = YES;
				CLANG_WARN_NON_LITERAL_NULL_CONVERSION = YES;
				CLANG_WARN_OBJC_IMPLICIT_RETAIN_SELF = YES;
				CLANG_WARN_OBJC_LITERAL_CONVERSION = YES;
				CLANG_WARN_OBJC_ROOT_CLASS = YES_ERROR;
				CLANG_WARN_RANGE_LOOP_ANALYSIS = YES;
				CLANG_WARN_STRICT_PROTOTYPES = YES;
				CLANG_WARN_SUSPICIOUS_MOVE = YES;
				CLANG_WARN_UNGUARDED_AVAILABILITY = YES_AGGRESSIVE;
				CLANG_WARN_UNREACHABLE_CODE = YES;
				CLANG_WARN__DUPLICATE_METHOD_MATCH = YES;
				CODE_SIGN_IDENTITY = "iPhone Developer";
				COPY_PHASE_STRIP = NO;
				DEBUG_INFORMATION_FORMAT = "dwarf-with-dsym";
				ENABLE_NS_ASSERTIONS = NO;
				ENABLE_STRICT_OBJC_MSGSEND = YES;
				GCC_C_LANGUAGE_STANDARD = gnu11;
				GCC_NO_COMMON_BLOCKS = YES;
				GCC_WARN_64_TO_32_BIT_CONVERSION = YES;
				GCC_WARN_ABOUT_RETURN_TYPE = YES_ERROR;
				GCC_WARN_UNDECLARED_SELECTOR = YES;
				GCC_WARN_UNINITIALIZED_AUTOS = YES_AGGRESSIVE;
				GCC_WARN_UNUSED_FUNCTION = YES;
				GCC_WARN_UNUSED_VARIABLE = YES;
				IPHONEOS_DEPLOYMENT_TARGET = 12.1;
				MTL_ENABLE_DEBUG_INFO = NO;
				MTL_FAST_MATH = YES;
				SDKROOT = iphoneos;
				SWIFT_COMPILATION_MODE = wholemodule;
				SWIFT_OPTIMIZATION_LEVEL = "-O";
				VALIDATE_PRODUCT = YES;
			};
			name = Release;
		};
		E864AB152249A29400941A10 /* Debug */ = {
			isa = XCBuildConfiguration;
			buildSettings = {
				ASSETCATALOG_COMPILER_APPICON_NAME = AppIcon;
				CODE_SIGN_IDENTITY = "iPhone Developer";
				CODE_SIGN_STYLE = Automatic;
				DEVELOPMENT_TEAM = 7M6A57DZFJ;
				INFOPLIST_FILE = "CSP Aggregate/Info.plist";
				IPHONEOS_DEPLOYMENT_TARGET = 12.0;
				LD_RUNPATH_SEARCH_PATHS = (
					"$(inherited)",
					"@executable_path/Frameworks",
				);
				PRODUCT_BUNDLE_IDENTIFIER = "frc6317.CSP-Aggregate";
				PRODUCT_NAME = "$(TARGET_NAME)";
				PROVISIONING_PROFILE_SPECIFIER = "";
				SWIFT_VERSION = 4.2;
				TARGETED_DEVICE_FAMILY = "1,2";
			};
			name = Debug;
		};
		E864AB162249A29400941A10 /* Release */ = {
			isa = XCBuildConfiguration;
			buildSettings = {
				ASSETCATALOG_COMPILER_APPICON_NAME = AppIcon;
				CODE_SIGN_IDENTITY = "iPhone Developer";
				CODE_SIGN_STYLE = Automatic;
				DEVELOPMENT_TEAM = 7M6A57DZFJ;
				INFOPLIST_FILE = "CSP Aggregate/Info.plist";
				IPHONEOS_DEPLOYMENT_TARGET = 12.0;
				LD_RUNPATH_SEARCH_PATHS = (
					"$(inherited)",
					"@executable_path/Frameworks",
				);
				PRODUCT_BUNDLE_IDENTIFIER = "frc6317.CSP-Aggregate";
				PRODUCT_NAME = "$(TARGET_NAME)";
				PROVISIONING_PROFILE_SPECIFIER = "";
				SWIFT_VERSION = 4.2;
				TARGETED_DEVICE_FAMILY = "1,2";
			};
			name = Release;
		};
/* End XCBuildConfiguration section */

/* Begin XCConfigurationList section */
		E864AAFB2249A29200941A10 /* Build configuration list for PBXProject "CSP Aggregate" */ = {
			isa = XCConfigurationList;
			buildConfigurations = (
				E864AB122249A29400941A10 /* Debug */,
				E864AB132249A29400941A10 /* Release */,
			);
			defaultConfigurationIsVisible = 0;
			defaultConfigurationName = Release;
		};
		E864AB142249A29400941A10 /* Build configuration list for PBXNativeTarget "CSP Aggregate" */ = {
			isa = XCConfigurationList;
			buildConfigurations = (
				E864AB152249A29400941A10 /* Debug */,
				E864AB162249A29400941A10 /* Release */,
			);
			defaultConfigurationIsVisible = 0;
			defaultConfigurationName = Release;
		};
/* End XCConfigurationList section */
	};
	rootObject = E864AAF82249A29200941A10 /* Project object */;
}
